
Microsoft Visual Studio Solution File, Format Version 12.00
# Visual Studio Version 18
VisualStudioVersion = 18.4.11626.88
MinimumVisualStudioVersion = 10.0.40219.1
Project("{FAE04EC0-301F-11D3-BF4B-00C04F79EFBC}") = "Apolo", "Apolo\Apolo.csproj", "{236B5EE1-6030-433B-83E4-7B74D1F09AA3}"
EndProject
Project("{FAE04EC0-301F-11D3-BF4B-00C04F79EFBC}") = "Repository", "Repository\Repository.csproj", "{41B76225-E208-4203-BF05-DE380D0A23F7}"
EndProject
Project("{FAE04EC0-301F-11D3-BF4B-00C04F79EFBC}") = "Models", "Models\Models.csproj", "{C0E8D22C-816C-4D02-A51A-0906373C40E3}"
EndProject
Project("{FAE04EC0-301F-11D3-BF4B-00C04F79EFBC}") = "Excel", "Excel\Excel.csproj", "{FF91A80A-4275-4736-8F1F-029ED9F3FE7C}"
EndProject
Project("{FAE04EC0-301F-11D3-BF4B-00C04F79EFBC}") = "Apolo.Tests.Data", "Apolo.Tests.Data\Apolo.Tests.Data.csproj", "{F236391A-5186-4378-8FCA-F8803639E7BE}"
EndProject
Project("{FAE04EC0-301F-11D3-BF4B-00C04F79EFBC}") = "Apolo.Tests.Models", "Apolo.Tests.Models\Apolo.Tests.Models.csproj", "{B9FE03A3-0D79-49BA-BFCB-B372EBA5C18D}"
EndProject
Project("{FAE04EC0-301F-11D3-BF4B-00C04F79EFBC}") = "ViewModels", "ViewModels\ViewModels.csproj", "{A3196998-A6B8-4DB2-89F1-6BA8FDE6AD47}"
EndProject
Project("{FAE04EC0-301F-11D3-BF4B-00C04F79EFBC}") = "Apolo.Tests.ViewModels", "Apolo.Tests.ViewModels\Apolo.Tests.ViewModels.csproj", "{0A4B79C5-F613-4EB7-B1E3-AFAEE84ECE86}"
EndProject
Global
	GlobalSection(SolutionConfigurationPlatforms) = preSolution
		Debug|ARM64 = Debug|ARM64
		Debug|x64 = Debug|x64
		Debug|x86 = Debug|x86
		Release|ARM64 = Release|ARM64
		Release|x64 = Release|x64
		Release|x86 = Release|x86
	EndGlobalSection
	GlobalSection(ProjectConfigurationPlatforms) = postSolution
		{236B5EE1-6030-433B-83E4-7B74D1F09AA3}.Debug|ARM64.ActiveCfg = Debug|ARM64
		{236B5EE1-6030-433B-83E4-7B74D1F09AA3}.Debug|ARM64.Build.0 = Debug|ARM64
		{236B5EE1-6030-433B-83E4-7B74D1F09AA3}.Debug|ARM64.Deploy.0 = Debug|ARM64
		{236B5EE1-6030-433B-83E4-7B74D1F09AA3}.Debug|x64.ActiveCfg = Debug|x64
		{236B5EE1-6030-433B-83E4-7B74D1F09AA3}.Debug|x64.Build.0 = Debug|x64
		{236B5EE1-6030-433B-83E4-7B74D1F09AA3}.Debug|x64.Deploy.0 = Debug|x64
		{236B5EE1-6030-433B-83E4-7B74D1F09AA3}.Debug|x86.ActiveCfg = Debug|x86
		{236B5EE1-6030-433B-83E4-7B74D1F09AA3}.Debug|x86.Build.0 = Debug|x86
		{236B5EE1-6030-433B-83E4-7B74D1F09AA3}.Debug|x86.Deploy.0 = Debug|x86
		{236B5EE1-6030-433B-83E4-7B74D1F09AA3}.Release|ARM64.ActiveCfg = Release|ARM64
		{236B5EE1-6030-433B-83E4-7B74D1F09AA3}.Release|ARM64.Build.0 = Release|ARM64
		{236B5EE1-6030-433B-83E4-7B74D1F09AA3}.Release|ARM64.Deploy.0 = Release|ARM64
		{236B5EE1-6030-433B-83E4-7B74D1F09AA3}.Release|x64.ActiveCfg = Release|x64
		{236B5EE1-6030-433B-83E4-7B74D1F09AA3}.Release|x64.Build.0 = Release|x64
		{236B5EE1-6030-433B-83E4-7B74D1F09AA3}.Release|x64.Deploy.0 = Release|x64
		{236B5EE1-6030-433B-83E4-7B74D1F09AA3}.Release|x86.ActiveCfg = Release|x86
		{236B5EE1-6030-433B-83E4-7B74D1F09AA3}.Release|x86.Build.0 = Release|x86
		{236B5EE1-6030-433B-83E4-7B74D1F09AA3}.Release|x86.Deploy.0 = Release|x86
		{41B76225-E208-4203-BF05-DE380D0A23F7}.Debug|ARM64.ActiveCfg = Debug|Any CPU
		{41B76225-E208-4203-BF05-DE380D0A23F7}.Debug|ARM64.Build.0 = Debug|Any CPU
		{41B76225-E208-4203-BF05-DE380D0A23F7}.Debug|x64.ActiveCfg = Debug|Any CPU
		{41B76225-E208-4203-BF05-DE380D0A23F7}.Debug|x64.Build.0 = Debug|Any CPU
		{41B76225-E208-4203-BF05-DE380D0A23F7}.Debug|x86.ActiveCfg = Debug|Any CPU
		{41B76225-E208-4203-BF05-DE380D0A23F7}.Debug|x86.Build.0 = Debug|Any CPU
		{41B76225-E208-4203-BF05-DE380D0A23F7}.Release|ARM64.ActiveCfg = Release|Any CPU
		{41B76225-E208-4203-BF05-DE380D0A23F7}.Release|ARM64.Build.0 = Release|Any CPU
		{41B76225-E208-4203-BF05-DE380D0A23F7}.Release|x64.ActiveCfg = Release|Any CPU
		{41B76225-E208-4203-BF05-DE380D0A23F7}.Release|x64.Build.0 = Release|Any CPU
		{41B76225-E208-4203-BF05-DE380D0A23F7}.Release|x86.ActiveCfg = Release|Any CPU
		{41B76225-E208-4203-BF05-DE380D0A23F7}.Release|x86.Build.0 = Release|Any CPU
		{C0E8D22C-816C-4D02-A51A-0906373C40E3}.Debug|ARM64.ActiveCfg = Debug|Any CPU
		{C0E8D22C-816C-4D02-A51A-0906373C40E3}.Debug|ARM64.Build.0 = Debug|Any CPU
		{C0E8D22C-816C-4D02-A51A-0906373C40E3}.Debug|x64.ActiveCfg = Debug|Any CPU
		{C0E8D22C-816C-4D02-A51A-0906373C40E3}.Debug|x64.Build.0 = Debug|Any CPU
		{C0E8D22C-816C-4D02-A51A-0906373C40E3}.Debug|x86.ActiveCfg = Debug|Any CPU
		{C0E8D22C-816C-4D02-A51A-0906373C40E3}.Debug|x86.Build.0 = Debug|Any CPU
		{C0E8D22C-816C-4D02-A51A-0906373C40E3}.Release|ARM64.ActiveCfg = Release|Any CPU
		{C0E8D22C-816C-4D02-A51A-0906373C40E3}.Release|ARM64.Build.0 = Release|Any CPU
		{C0E8D22C-816C-4D02-A51A-0906373C40E3}.Release|x64.ActiveCfg = Release|Any CPU
		{C0E8D22C-816C-4D02-A51A-0906373C40E3}.Release|x64.Build.0 = Release|Any CPU
		{C0E8D22C-816C-4D02-A51A-0906373C40E3}.Release|x86.ActiveCfg = Release|Any CPU
		{C0E8D22C-816C-4D02-A51A-0906373C40E3}.Release|x86.Build.0 = Release|Any CPU
		{FF91A80A-4275-4736-8F1F-029ED9F3FE7C}.Debug|ARM64.ActiveCfg = Debug|Any CPU
		{FF91A80A-4275-4736-8F1F-029ED9F3FE7C}.Debug|ARM64.Build.0 = Debug|Any CPU
		{FF91A80A-4275-4736-8F1F-029ED9F3FE7C}.Debug|x64.ActiveCfg = Debug|Any CPU
		{FF91A80A-4275-4736-8F1F-029ED9F3FE7C}.Debug|x64.Build.0 = Debug|Any CPU
		{FF91A80A-4275-4736-8F1F-029ED9F3FE7C}.Debug|x86.ActiveCfg = Debug|Any CPU
		{FF91A80A-4275-4736-8F1F-029ED9F3FE7C}.Debug|x86.Build.0 = Debug|Any CPU
		{FF91A80A-4275-4736-8F1F-029ED9F3FE7C}.Release|ARM64.ActiveCfg = Release|Any CPU
		{FF91A80A-4275-4736-8F1F-029ED9F3FE7C}.Release|ARM64.Build.0 = Release|Any CPU
		{FF91A80A-4275-4736-8F1F-029ED9F3FE7C}.Release|x64.ActiveCfg = Release|Any CPU
		{FF91A80A-4275-4736-8F1F-029ED9F3FE7C}.Release|x64.Build.0 = Release|Any CPU
		{FF91A80A-4275-4736-8F1F-029ED9F3FE7C}.Release|x86.ActiveCfg = Release|Any CPU
		{FF91A80A-4275-4736-8F1F-029ED9F3FE7C}.Release|x86.Build.0 = Release|Any CPU
		{F236391A-5186-4378-8FCA-F8803639E7BE}.Debug|ARM64.ActiveCfg = Debug|Any CPU
		{F236391A-5186-4378-8FCA-F8803639E7BE}.Debug|ARM64.Build.0 = Debug|Any CPU
		{F236391A-5186-4378-8FCA-F8803639E7BE}.Debug|x64.ActiveCfg = Debug|Any CPU
		{F236391A-5186-4378-8FCA-F8803639E7BE}.Debug|x64.Build.0 = Debug|Any CPU
		{F236391A-5186-4378-8FCA-F8803639E7BE}.Debug|x86.ActiveCfg = Debug|Any CPU
		{F236391A-5186-4378-8FCA-F8803639E7BE}.Debug|x86.Build.0 = Debug|Any CPU
		{F236391A-5186-4378-8FCA-F8803639E7BE}.Release|ARM64.ActiveCfg = Release|Any CPU
		{F236391A-5186-4378-8FCA-F8803639E7BE}.Release|ARM64.Build.0 = Release|Any CPU
		{F236391A-5186-4378-8FCA-F8803639E7BE}.Release|x64.ActiveCfg = Release|Any CPU
		{F236391A-5186-4378-8FCA-F8803639E7BE}.Release|x64.Build.0 = Release|Any CPU
		{F236391A-5186-4378-8FCA-F8803639E7BE}.Release|x86.ActiveCfg = Release|Any CPU
		{F236391A-5186-4378-8FCA-F8803639E7BE}.Release|x86.Build.0 = Release|Any CPU
		{B9FE03A3-0D79-49BA-BFCB-B372EBA5C18D}.Debug|ARM64.ActiveCfg = Debug|Any CPU
		{B9FE03A3-0D79-49BA-BFCB-B372EBA5C18D}.Debug|ARM64.Build.0 = Debug|Any CPU
		{B9FE03A3-0D79-49BA-BFCB-B372EBA5C18D}.Debug|x64.ActiveCfg = Debug|Any CPU
		{B9FE03A3-0D79-49BA-BFCB-B372EBA5C18D}.Debug|x64.Build.0 = Debug|Any CPU
		{B9FE03A3-0D79-49BA-BFCB-B372EBA5C18D}.Debug|x86.ActiveCfg = Debug|Any CPU
		{B9FE03A3-0D79-49BA-BFCB-B372EBA5C18D}.Debug|x86.Build.0 = Debug|Any CPU
		{B9FE03A3-0D79-49BA-BFCB-B372EBA5C18D}.Release|ARM64.ActiveCfg = Release|Any CPU
		{B9FE03A3-0D79-49BA-BFCB-B372EBA5C18D}.Release|ARM64.Build.0 = Release|Any CPU
		{B9FE03A3-0D79-49BA-BFCB-B372EBA5C18D}.Release|x64.ActiveCfg = Release|Any CPU
		{B9FE03A3-0D79-49BA-BFCB-B372EBA5C18D}.Release|x64.Build.0 = Release|Any CPU
		{B9FE03A3-0D79-49BA-BFCB-B372EBA5C18D}.Release|x86.ActiveCfg = Release|Any CPU
		{B9FE03A3-0D79-49BA-BFCB-B372EBA5C18D}.Release|x86.Build.0 = Release|Any CPU
		{A3196998-A6B8-4DB2-89F1-6BA8FDE6AD47}.Debug|ARM64.ActiveCfg = Debug|Any CPU
		{A3196998-A6B8-4DB2-89F1-6BA8FDE6AD47}.Debug|ARM64.Build.0 = Debug|Any CPU
		{A3196998-A6B8-4DB2-89F1-6BA8FDE6AD47}.Debug|x64.ActiveCfg = Debug|Any CPU
		{A3196998-A6B8-4DB2-89F1-6BA8FDE6AD47}.Debug|x64.Build.0 = Debug|Any CPU
		{A3196998-A6B8-4DB2-89F1-6BA8FDE6AD47}.Debug|x86.ActiveCfg = Debug|Any CPU
		{A3196998-A6B8-4DB2-89F1-6BA8FDE6AD47}.Debug|x86.Build.0 = Debug|Any CPU
		{A3196998-A6B8-4DB2-89F1-6BA8FDE6AD47}.Release|ARM64.ActiveCfg = Release|Any CPU
		{A3196998-A6B8-4DB2-89F1-6BA8FDE6AD47}.Release|ARM64.Build.0 = Release|Any CPU
		{A3196998-A6B8-4DB2-89F1-6BA8FDE6AD47}.Release|x64.ActiveCfg = Release|Any CPU
		{A3196998-A6B8-4DB2-89F1-6BA8FDE6AD47}.Release|x64.Build.0 = Release|Any CPU
		{A3196998-A6B8-4DB2-89F1-6BA8FDE6AD47}.Release|x86.ActiveCfg = Release|Any CPU
		{A3196998-A6B8-4DB2-89F1-6BA8FDE6AD47}.Release|x86.Build.0 = Release|Any CPU
		{0A4B79C5-F613-4EB7-B1E3-AFAEE84ECE86}.Debug|ARM64.ActiveCfg = Debug|Any CPU
		{0A4B79C5-F613-4EB7-B1E3-AFAEE84ECE86}.Debug|ARM64.Build.0 = Debug|Any CPU
		{0A4B79C5-F613-4EB7-B1E3-AFAEE84ECE86}.Debug|x64.ActiveCfg = Debug|x64
		{0A4B79C5-F613-4EB7-B1E3-AFAEE84ECE86}.Debug|x64.Build.0 = Debug|x64
		{0A4B79C5-F613-4EB7-B1E3-AFAEE84ECE86}.Debug|x86.ActiveCfg = Debug|Any CPU
		{0A4B79C5-F613-4EB7-B1E3-AFAEE84ECE86}.Debug|x86.Build.0 = Debug|Any CPU
		{0A4B79C5-F613-4EB7-B1E3-AFAEE84ECE86}.Release|ARM64.ActiveCfg = Release|Any CPU
		{0A4B79C5-F613-4EB7-B1E3-AFAEE84ECE86}.Release|ARM64.Build.0 = Release|Any CPU
		{0A4B79C5-F613-4EB7-B1E3-AFAEE84ECE86}.Release|x64.ActiveCfg = Release|Any CPU
		{0A4B79C5-F613-4EB7-B1E3-AFAEE84ECE86}.Release|x64.Build.0 = Release|Any CPU
		{0A4B79C5-F613-4EB7-B1E3-AFAEE84ECE86}.Release|x86.ActiveCfg = Release|Any CPU
		{0A4B79C5-F613-4EB7-B1E3-AFAEE84ECE86}.Release|x86.Build.0 = Release|Any CPU
	EndGlobalSection
	GlobalSection(SolutionProperties) = preSolution
		HideSolutionNode = FALSE
	EndGlobalSection
	GlobalSection(ExtensibilityGlobals) = postSolution
		SolutionGuid = {B2221B80-45EF-412D-902E-74D6DC7D42D9}
	EndGlobalSection
EndGlobal
